// !$*UTF8*$!
{
	archiveVersion = 1;
	classes = {
	};
	objectVersion = 46;
	objects = {

/* Begin PBXBuildFile section */
		DC1FA9E51F25AD6A0089F344 /* AppDelegate.swift in Sources */ = {isa = PBXBuildFile; fileRef = DC1FA9E41F25AD6A0089F344 /* AppDelegate.swift */; };
		DC1FA9E71F25AD6A0089F344 /* ViewController.swift in Sources */ = {isa = PBXBuildFile; fileRef = DC1FA9E61F25AD6A0089F344 /* ViewController.swift */; };
		DC1FA9EA1F25AD6A0089F344 /* Main.storyboard in Resources */ = {isa = PBXBuildFile; fileRef = DC1FA9E81F25AD6A0089F344 /* Main.storyboard */; };
		DC1FA9EC1F25AD6A0089F344 /* Assets.xcassets in Resources */ = {isa = PBXBuildFile; fileRef = DC1FA9EB1F25AD6A0089F344 /* Assets.xcassets */; };
		DC1FA9EF1F25AD6A0089F344 /* LaunchScreen.storyboard in Resources */ = {isa = PBXBuildFile; fileRef = DC1FA9ED1F25AD6A0089F344 /* LaunchScreen.storyboard */; };
		DC1FA9F71F25B0C30089F344 /* ViewControllerPassData.swift in Sources */ = {isa = PBXBuildFile; fileRef = DC1FA9F61F25B0C30089F344 /* ViewControllerPassData.swift */; };
/* End PBXBuildFile section */

/* Begin PBXFileReference section */
		DC1FA9E11F25AD6A0089F344 /* PassingData.app */ = {isa = PBXFileReference; explicitFileType = wrapper.application; includeInIndex = 0; path = PassingData.app; sourceTree = BUILT_PRODUCTS_DIR; };
		DC1FA9E41F25AD6A0089F344 /* AppDelegate.swift */ = {isa = PBXFileReference; lastKnownFileType = sourcecode.swift; path = AppDelegate.swift; sourceTree = "<group>"; };
		DC1FA9E61F25AD6A0089F344 /* ViewController.swift */ = {isa = PBXFileReference; lastKnownFileType = sourcecode.swift; path = ViewController.swift; sourceTree = "<group>"; };
		DC1FA9E91F25AD6A0089F344 /* Base */ = {isa = PBXFileReference; lastKnownFileType = file.storyboard; name = Base; path = Base.lproj/Main.storyboard; sourceTree = "<group>"; };
		DC1FA9EB1F25AD6A0089F344 /* Assets.xcassets */ = {isa = PBXFileReference; lastKnownFileType = folder.assetcatalog; path = Assets.xcassets; sourceTree = "<group>"; };
		DC1FA9EE1F25AD6A0089F344 /* Base */ = {isa = PBXFileReference; lastKnownFileType = file.storyboard; name = Base; path = Base.lproj/LaunchScreen.storyboard; sourceTree = "<group>"; };
		DC1FA9F01F25AD6A0089F344 /* Info.plist */ = {isa = PBXFileReference; lastKnownFileType = text.plist.xml; path = Info.plist; sourceTree = "<group>"; };
		DC1FA9F61F25B0C30089F344 /* ViewControllerPassData.swift */ = {isa = PBXFileReference; fileEncoding = 4; lastKnownFileType = sourcecode.swift; path = ViewControllerPassData.swift; sourceTree = "<group>"; };
/* End PBXFileReference section */

/* Begin PBXFrameworksBuildPhase section */
		DC1FA9DE1F25AD6A0089F344 /* Frameworks */ = {
			isa = PBXFrameworksBuildPhase;
			buildActionMask = 2147483647;
			files = (
			);
			runOnlyForDeploymentPostprocessing = 0;
		};
/* End PBXFrameworksBuildPhase section */

/* Begin PBXGroup section */
		DC1FA9D81F25AD690089F344 = {
			isa = PBXGroup;
			children = (
				DC1FA9E31F25AD6A0089F344 /* PassingData */,
				DC1FA9E21F25AD6A0089F344 /* Products */,
			);
			sourceTree = "<group>";
		};
		DC1FA9E21F25AD6A0089F344 /* Products */ = {
			isa = PBXGroup;
			children = (
				DC1FA9E11F25AD6A0089F344 /* PassingData.app */,
			);
			name = Products;
			sourceTree = "<group>";
		};
		DC1FA9E31F25AD6A0089F344 /* PassingData */ = {
			isa = PBXGroup;
			children = (
				DC1FA9E41F25AD6A0089F344 /* AppDelegate.swift */,
				DC1FA9E61F25AD6A0089F344 /* ViewController.swift */,
				DC1FA9F61F25B0C30089F344 /* ViewControllerPassData.swift */,
				DC1FA9E81F25AD6A0089F344 /* Main.storyboard */,
				DC1FA9EB1F25AD6A0089F344 /* Assets.xcassets */,
				DC1FA9ED1F25AD6A0089F344 /* LaunchScreen.storyboard */,
				DC1FA9F01F25AD6A0089F344 /* Info.plist */,
			);
			path = PassingData;
			sourceTree = "<group>";
		};
/* End PBXGroup section */

/* Begin PBXNativeTarget section */
		DC1FA9E01F25AD6A0089F344 /* PassingData */ = {
			isa = PBXNativeTarget;
			buildConfigurationList = DC1FA9F31F25AD6A0089F344 /* Build configuration list for PBXNativeTarget "PassingData" */;
			buildPhases = (
				DC1FA9DD1F25AD6A0089F344 /* Sources */,
				DC1FA9DE1F25AD6A0089F344 /* Frameworks */,
				DC1FA9DF1F25AD6A0089F344 /* Resources */,
			);
			buildRules = (
			);
			dependencies = (
			);
			name = PassingData;
			productName = PassingData;
			productReference = DC1FA9E11F25AD6A0089F344 /* PassingData.app */;
			productType = "com.apple.product-type.application";
		};
/* End PBXNativeTarget section */

/* Begin PBXProject section */
		DC1FA9D91F25AD690089F344 /* Project object */ = {
			isa = PBXProject;
			attributes = {
				LastSwiftUpdateCheck = 0830;
				LastUpgradeCheck = 0830;
				ORGANIZATIONNAME = "Satya Syahputra";
				TargetAttributes = {
					DC1FA9E01F25AD6A0089F344 = {
						CreatedOnToolsVersion = 8.3.3;
						DevelopmentTeam = P69G36FKV3;
						ProvisioningStyle = Automatic;
					};
				};
			};
			buildConfigurationList = DC1FA9DC1F25AD690089F344 /* Build configuration list for PBXProject "PassingData" */;
			compatibilityVersion = "Xcode 3.2";
			developmentRegion = English;
			hasScannedForEncodings = 0;
			knownRegions = (
				en,
				Base,
			);
			mainGroup = DC1FA9D81F25AD690089F344;
			productRefGroup = DC1FA9E21F25AD6A0089F344 /* Products */;
			projectDirPath = "";
			projectRoot = "";
			targets = (
				DC1FA9E01F25AD6A0089F344 /* PassingData */,
			);
		};
/* End PBXProject section */

/* Begin PBXResourcesBuildPhase section */
		DC1FA9DF1F25AD6A0089F344 /* Resources */ = {
			isa = PBXResourcesBuildPhase;
			buildActionMask = 2147483647;
			files = (
				DC1FA9EF1F25AD6A0089F344 /* LaunchScreen.storyboard in Resources */,
				DC1FA9EC1F25AD6A0089F344 /* Assets.xcassets in Resources */,
				DC1FA9EA1F25AD6A0089F344 /* Main.storyboard in Resources */,
			);
			runOnlyForDeploymentPostprocessing = 0;
		};
/* End PBXResourcesBuildPhase section */

/* Begin PBXSourcesBuildPhase section */
		DC1FA9DD1F25AD6A0089F344 /* Sources */ = {
			isa = PBXSourcesBuildPhase;
			buildActionMask = 2147483647;
			files = (
				DC1FA9F71F25B0C30089F344 /* ViewControllerPassData.swift in Sources */,
				DC1FA9E71F25AD6A0089F344 /* ViewController.swift in Sources */,
				DC1FA9E51F25AD6A0089F344 /* AppDelegate.swift in Sources */,
			);
			runOnlyForDeploymentPostprocessing = 0;
		};
/* End PBXSourcesBuildPhase section */

/* Begin PBXVariantGroup section */
		DC1FA9E81F25AD6A0089F344 /* Main.storyboard */ = {
			isa = PBXVariantGroup;
			children = (
				DC1FA9E91F25AD6A0089F344 /* Base */,
			);
			name = Main.storyboard;
			sourceTree = "<group>";
		};
		DC1FA9ED1F25AD6A0089F344 /* LaunchScreen.storyboard */ = {
			isa = PBXVariantGroup;
			children = (
				DC1FA9EE1F25AD6A0089F344 /* Base */,
			);
			name = LaunchScreen.storyboard;
			sourceTree = "<group>";
		};
/* End PBXVariantGroup section */

/* Begin XCBuildConfiguration section */
		DC1FA9F11F25AD6A0089F344 /* Debug */ = {
			isa = XCBuildConfiguration;
			buildSettings = {
				ALWAYS_SEARCH_USER_PATHS = NO;
				CLANG_ANALYZER_NONNULL = YES;
				CLANG_ANALYZER_NUMBER_OBJECT_CONVERSION = YES_AGGRESSIVE;
				CLANG_CXX_LANGUAGE_STANDARD = "gnu++0x";
				CLANG_CXX_LIBRARY = "libc++";
				CLANG_ENABLE_MODULES = YES;
				CLANG_ENABLE_OBJC_ARC = YES;
				CLANG_WARN_BOOL_CONVERSION = YES;
				CLANG_WARN_CONSTANT_CONVERSION = YES;
				CLANG_WARN_DIRECT_OBJC_ISA_USAGE = YES_ERROR;
				CLANG_WARN_DOCUMENTATION_COMMENTS = YES;
				CLANG_WARN_EMPTY_BODY = YES;
				CLANG_WARN_ENUM_CONVERSION = YES;
				CLANG_WARN_INFINITE_RECURSION = YES;
				CLANG_WARN_INT_CONVERSION = YES;
				CLANG_WARN_OBJC_ROOT_CLASS = YES_ERROR;
				CLANG_WARN_SUSPICIOUS_MOVE = YES;
				CLANG_WARN_UNREACHABLE_CODE = YES;
				CLANG_WARN__DUPLICATE_METHOD_MATCH = YES;
				"CODE_SIGN_IDENTITY[sdk=iphoneos*]" = "iPhone Developer";
				COPY_PHASE_STRIP = NO;
				DEBUG_INFORMATION_FORMAT = dwarf;
				ENABLE_STRICT_OBJC_MSGSEND = YES;
				ENABLE_TESTABILITY = YES;
				GCC_C_LANGUAGE_STANDARD = gnu99;
				GCC_DYNAMIC_NO_PIC = NO;
				GCC_NO_COMMON_BLOCKS = YES;
				GCC_OPTIMIZATION_LEVEL = 0;
				GCC_PREPROCESSOR_DEFINITIONS = (
					"DEBUG=1",
					"$(inherited)",
				);
				GCC_WARN_64_TO_32_BIT_CONVERSION = YES;
				GCC_WARN_ABOUT_RETURN_TYPE = YES_ERROR;
				GCC_WARN_UNDECLARED_SELECTOR = YES;
				GCC_WARN_UNINITIALIZED_AUTOS = YES_AGGRESSIVE;
				GCC_WARN_UNUSED_FUNCTION = YES;
				GCC_WARN_UNUSED_VARIABLE = YES;
				IPHONEOS_DEPLOYMENT_TARGET = 10.3;
				MTL_ENABLE_DEBUG_INFO = YES;
				ONLY_ACTIVE_ARCH = YES;
				SDKROOT = iphoneos;
				SWIFT_ACTIVE_COMPILATION_CONDITIONS = DEBUG;
				SWIFT_OPTIMIZATION_LEVEL = "-Onone";
			};
			name = Debug;
		};
		DC1FA9F21F25AD6A0089F344 /* Release */ = {
			isa = XCBuildConfiguration;
			buildSettings = {
				ALWAYS_SEARCH_USER_PATHS = NO;
				CLANG_ANALYZER_NONNULL = YES;
				CLANG_ANALYZER_NUMBER_OBJECT_CONVERSION = YES_AGGRESSIVE;
				CLANG_CXX_LANGUAGE_STANDARD = "gnu++0x";
				CLANG_CXX_LIBRARY = "libc++";
				CLANG_ENABLE_MODULES = YES;
				CLANG_ENABLE_OBJC_ARC = YES;
				CLANG_WARN_BOOL_CONVERSION = YES;
				CLANG_WARN_CONSTANT_CONVERSION = YES;
				CLANG_WARN_DIRECT_OBJC_ISA_USAGE = YES_ERROR;
				CLANG_WARN_DOCUMENTATION_COMMENTS = YES;
				CLANG_WARN_EMPTY_BODY = YES;
				CLANG_WARN_ENUM_CONVERSION = YES;
				CLANG_WARN_INFINITE_RECURSION = YES;
				CLANG_WARN_INT_CONVERSION = YES;
				CLANG_WARN_OBJC_ROOT_CLASS = YES_ERROR;
				CLANG_WARN_SUSPICIOUS_MOVE = YES;
				CLANG_WARN_UNREACHABLE_CODE = YES;
				CLANG_WARN__DUPLICATE_METHOD_MATCH = YES;
				"CODE_SIGN_IDENTITY[sdk=iphoneos*]" = "iPhone Developer";
				COPY_PHASE_STRIP = NO;
				DEBUG_INFORMATION_FORMAT = "dwarf-with-dsym";
				ENABLE_NS_ASSERTIONS = NO;
				ENABLE_STRICT_OBJC_MSGSEND = YES;
				GCC_C_LANGUAGE_STANDARD = gnu99;
				GCC_NO_COMMON_BLOCKS = YES;
				GCC_WARN_64_TO_32_BIT_CONVERSION = YES;
				GCC_WARN_ABOUT_RETURN_TYPE = YES_ERROR;
				GCC_WARN_UNDECLARED_SELECTOR = YES;
				GCC_WARN_UNINITIALIZED_AUTOS = YES_AGGRESSIVE;
				GCC_WARN_UNUSED_FUNCTION = YES;
				GCC_WARN_UNUSED_VARIABLE = YES;
				IPHONEOS_DEPLOYMENT_TARGET = 10.3;
				MTL_ENABLE_DEBUG_INFO = NO;
				SDKROOT = iphoneos;
				SWIFT_OPTIMIZATION_LEVEL = "-Owholemodule";
				VALIDATE_PRODUCT = YES;
			};
			name = Release;
		};
		DC1FA9F41F25AD6A0089F344 /* Debug */ = {
			isa = XCBuildConfiguration;
			buildSettings = {
				ASSETCATALOG_COMPILER_APPICON_NAME = AppIcon;
				DEVELOPMENT_TEAM = P69G36FKV3;
				INFOPLIST_FILE = PassingData/Info.plist;
				LD_RUNPATH_SEARCH_PATHS = "$(inherited) @executable_path/Frameworks";
				PRODUCT_BUNDLE_IDENTIFIER = com.satyadara.PassingData;
				PRODUCT_NAME = "$(TARGET_NAME)";
				SWIFT_VERSION = 3.0;
			};
			name = Debug;
		};
		DC1FA9F51F25AD6A0089F344 /* Release */ = {
			isa = XCBuildConfiguration;
			buildSettings = {
				ASSETCATALOG_COMPILER_APPICON_NAME = AppIcon;
				DEVELOPMENT_TEAM = P69G36FKV3;
				INFOPLIST_FILE = PassingData/Info.plist;
				LD_RUNPATH_SEARCH_PATHS = "$(inherited) @executable_path/Frameworks";
				PRODUCT_BUNDLE_IDENTIFIER = com.satyadara.PassingData;
				PRODUCT_NAME = "$(TARGET_NAME)";
				SWIFT_VERSION = 3.0;
			};
			name = Release;
		};
/* End XCBuildConfiguration section */

/* Begin XCConfigurationList section */
		DC1FA9DC1F25AD690089F344 /* Build configuration list for PBXProject "PassingData" */ = {
			isa = XCConfigurationList;
			buildConfigurations = (
				DC1FA9F11F25AD6A0089F344 /* Debug */,
				DC1FA9F21F25AD6A0089F344 /* Release */,
			);
			defaultConfigurationIsVisible = 0;
			defaultConfigurationName = Release;
		};
		DC1FA9F31F25AD6A0089F344 /* Build configuration list for PBXNativeTarget "PassingData" */ = {
			isa = XCConfigurationList;
			buildConfigurations = (
				DC1FA9F41F25AD6A0089F344 /* Debug */,
				DC1FA9F51F25AD6A0089F344 /* Release */,
			);
			defaultConfigurationIsVisible = 0;
		};
/* End XCConfigurationList section */
	};
	rootObject = DC1FA9D91F25AD690089F344 /* Project object */;
}
