// !$*UTF8*$!
{
	archiveVersion = 1;
	classes = {
	};
	objectVersion = 46;
	objects = {

/* Begin PBXBuildFile section */
		DCC73DD71F4F0CE7007BA949 /* AppDelegate.swift in Sources */ = {isa = PBXBuildFile; fileRef = DCC73DD61F4F0CE7007BA949 /* AppDelegate.swift */; };
		DCC73DD91F4F0CE7007BA949 /* ViewController.swift in Sources */ = {isa = PBXBuildFile; fileRef = DCC73DD81F4F0CE7007BA949 /* ViewController.swift */; };
		DCC73DDC1F4F0CE7007BA949 /* Main.storyboard in Resources */ = {isa = PBXBuildFile; fileRef = DCC73DDA1F4F0CE7007BA949 /* Main.storyboard */; };
		DCC73DDE1F4F0CE7007BA949 /* Assets.xcassets in Resources */ = {isa = PBXBuildFile; fileRef = DCC73DDD1F4F0CE7007BA949 /* Assets.xcassets */; };
		DCC73DE11F4F0CE7007BA949 /* LaunchScreen.storyboard in Resources */ = {isa = PBXBuildFile; fileRef = DCC73DDF1F4F0CE7007BA949 /* LaunchScreen.storyboard */; };
		DCC73DE91F4F1399007BA949 /* SecondVC.swift in Sources */ = {isa = PBXBuildFile; fileRef = DCC73DE81F4F1399007BA949 /* SecondVC.swift */; };
/* End PBXBuildFile section */

/* Begin PBXFileReference section */
		DCC73DD31F4F0CE7007BA949 /* User Interface.app */ = {isa = PBXFileReference; explicitFileType = wrapper.application; includeInIndex = 0; path = "User Interface.app"; sourceTree = BUILT_PRODUCTS_DIR; };
		DCC73DD61F4F0CE7007BA949 /* AppDelegate.swift */ = {isa = PBXFileReference; lastKnownFileType = sourcecode.swift; path = AppDelegate.swift; sourceTree = "<group>"; };
		DCC73DD81F4F0CE7007BA949 /* ViewController.swift */ = {isa = PBXFileReference; lastKnownFileType = sourcecode.swift; path = ViewController.swift; sourceTree = "<group>"; };
		DCC73DDB1F4F0CE7007BA949 /* Base */ = {isa = PBXFileReference; lastKnownFileType = file.storyboard; name = Base; path = Base.lproj/Main.storyboard; sourceTree = "<group>"; };
		DCC73DDD1F4F0CE7007BA949 /* Assets.xcassets */ = {isa = PBXFileReference; lastKnownFileType = folder.assetcatalog; path = Assets.xcassets; sourceTree = "<group>"; };
		DCC73DE01F4F0CE7007BA949 /* Base */ = {isa = PBXFileReference; lastKnownFileType = file.storyboard; name = Base; path = Base.lproj/LaunchScreen.storyboard; sourceTree = "<group>"; };
		DCC73DE21F4F0CE7007BA949 /* Info.plist */ = {isa = PBXFileReference; lastKnownFileType = text.plist.xml; path = Info.plist; sourceTree = "<group>"; };
		DCC73DE81F4F1399007BA949 /* SecondVC.swift */ = {isa = PBXFileReference; fileEncoding = 4; lastKnownFileType = sourcecode.swift; path = SecondVC.swift; sourceTree = "<group>"; };
/* End PBXFileReference section */

/* Begin PBXFrameworksBuildPhase section */
		DCC73DD01F4F0CE7007BA949 /* Frameworks */ = {
			isa = PBXFrameworksBuildPhase;
			buildActionMask = 2147483647;
			files = (
			);
			runOnlyForDeploymentPostprocessing = 0;
		};
/* End PBXFrameworksBuildPhase section */

/* Begin PBXGroup section */
		DCC73DCA1F4F0CE7007BA949 = {
			isa = PBXGroup;
			children = (
				DCC73DD51F4F0CE7007BA949 /* User Interface */,
				DCC73DD41F4F0CE7007BA949 /* Products */,
			);
			sourceTree = "<group>";
		};
		DCC73DD41F4F0CE7007BA949 /* Products */ = {
			isa = PBXGroup;
			children = (
				DCC73DD31F4F0CE7007BA949 /* User Interface.app */,
			);
			name = Products;
			sourceTree = "<group>";
		};
		DCC73DD51F4F0CE7007BA949 /* User Interface */ = {
			isa = PBXGroup;
			children = (
				DCC73DD61F4F0CE7007BA949 /* AppDelegate.swift */,
				DCC73DD81F4F0CE7007BA949 /* ViewController.swift */,
				DCC73DE81F4F1399007BA949 /* SecondVC.swift */,
				DCC73DDA1F4F0CE7007BA949 /* Main.storyboard */,
				DCC73DDD1F4F0CE7007BA949 /* Assets.xcassets */,
				DCC73DDF1F4F0CE7007BA949 /* LaunchScreen.storyboard */,
				DCC73DE21F4F0CE7007BA949 /* Info.plist */,
			);
			path = "User Interface";
			sourceTree = "<group>";
		};
/* End PBXGroup section */

/* Begin PBXNativeTarget section */
		DCC73DD21F4F0CE7007BA949 /* User Interface */ = {
			isa = PBXNativeTarget;
			buildConfigurationList = DCC73DE51F4F0CE7007BA949 /* Build configuration list for PBXNativeTarget "User Interface" */;
			buildPhases = (
				DCC73DCF1F4F0CE7007BA949 /* Sources */,
				DCC73DD01F4F0CE7007BA949 /* Frameworks */,
				DCC73DD11F4F0CE7007BA949 /* Resources */,
			);
			buildRules = (
			);
			dependencies = (
			);
			name = "User Interface";
			productName = "User Interface";
			productReference = DCC73DD31F4F0CE7007BA949 /* User Interface.app */;
			productType = "com.apple.product-type.application";
		};
/* End PBXNativeTarget section */

/* Begin PBXProject section */
		DCC73DCB1F4F0CE7007BA949 /* Project object */ = {
			isa = PBXProject;
			attributes = {
				LastSwiftUpdateCheck = 0830;
				LastUpgradeCheck = 0830;
				ORGANIZATIONNAME = "Satya Syahputra";
				TargetAttributes = {
					DCC73DD21F4F0CE7007BA949 = {
						CreatedOnToolsVersion = 8.3.3;
						DevelopmentTeam = P69G36FKV3;
						ProvisioningStyle = Automatic;
					};
				};
			};
			buildConfigurationList = DCC73DCE1F4F0CE7007BA949 /* Build configuration list for PBXProject "User Interface" */;
			compatibilityVersion = "Xcode 3.2";
			developmentRegion = English;
			hasScannedForEncodings = 0;
			knownRegions = (
				en,
				Base,
			);
			mainGroup = DCC73DCA1F4F0CE7007BA949;
			productRefGroup = DCC73DD41F4F0CE7007BA949 /* Products */;
			projectDirPath = "";
			projectRoot = "";
			targets = (
				DCC73DD21F4F0CE7007BA949 /* User Interface */,
			);
		};
/* End PBXProject section */

/* Begin PBXResourcesBuildPhase section */
		DCC73DD11F4F0CE7007BA949 /* Resources */ = {
			isa = PBXResourcesBuildPhase;
			buildActionMask = 2147483647;
			files = (
				DCC73DE11F4F0CE7007BA949 /* LaunchScreen.storyboard in Resources */,
				DCC73DDE1F4F0CE7007BA949 /* Assets.xcassets in Resources */,
				DCC73DDC1F4F0CE7007BA949 /* Main.storyboard in Resources */,
			);
			runOnlyForDeploymentPostprocessing = 0;
		};
/* End PBXResourcesBuildPhase section */

/* Begin PBXSourcesBuildPhase section */
		DCC73DCF1F4F0CE7007BA949 /* Sources */ = {
			isa = PBXSourcesBuildPhase;
			buildActionMask = 2147483647;
			files = (
				DCC73DD91F4F0CE7007BA949 /* ViewController.swift in Sources */,
				DCC73DE91F4F1399007BA949 /* SecondVC.swift in Sources */,
				DCC73DD71F4F0CE7007BA949 /* AppDelegate.swift in Sources */,
			);
			runOnlyForDeploymentPostprocessing = 0;
		};
/* End PBXSourcesBuildPhase section */

/* Begin PBXVariantGroup section */
		DCC73DDA1F4F0CE7007BA949 /* Main.storyboard */ = {
			isa = PBXVariantGroup;
			children = (
				DCC73DDB1F4F0CE7007BA949 /* Base */,
			);
			name = Main.storyboard;
			sourceTree = "<group>";
		};
		DCC73DDF1F4F0CE7007BA949 /* LaunchScreen.storyboard */ = {
			isa = PBXVariantGroup;
			children = (
				DCC73DE01F4F0CE7007BA949 /* Base */,
			);
			name = LaunchScreen.storyboard;
			sourceTree = "<group>";
		};
/* End PBXVariantGroup section */

/* Begin XCBuildConfiguration section */
		DCC73DE31F4F0CE7007BA949 /* Debug */ = {
			isa = XCBuildConfiguration;
			buildSettings = {
				ALWAYS_SEARCH_USER_PATHS = NO;
				CLANG_ANALYZER_NONNULL = YES;
				CLANG_ANALYZER_NUMBER_OBJECT_CONVERSION = YES_AGGRESSIVE;
				CLANG_CXX_LANGUAGE_STANDARD = "gnu++0x";
				CLANG_CXX_LIBRARY = "libc++";
				CLANG_ENABLE_MODULES = YES;
				CLANG_ENABLE_OBJC_ARC = YES;
				CLANG_WARN_BOOL_CONVERSION = YES;
				CLANG_WARN_CONSTANT_CONVERSION = YES;
				CLANG_WARN_DIRECT_OBJC_ISA_USAGE = YES_ERROR;
				CLANG_WARN_DOCUMENTATION_COMMENTS = YES;
				CLANG_WARN_EMPTY_BODY = YES;
				CLANG_WARN_ENUM_CONVERSION = YES;
				CLANG_WARN_INFINITE_RECURSION = YES;
				CLANG_WARN_INT_CONVERSION = YES;
				CLANG_WARN_OBJC_ROOT_CLASS = YES_ERROR;
				CLANG_WARN_SUSPICIOUS_MOVE = YES;
				CLANG_WARN_UNREACHABLE_CODE = YES;
				CLANG_WARN__DUPLICATE_METHOD_MATCH = YES;
				"CODE_SIGN_IDENTITY[sdk=iphoneos*]" = "iPhone Developer";
				COPY_PHASE_STRIP = NO;
				DEBUG_INFORMATION_FORMAT = dwarf;
				ENABLE_STRICT_OBJC_MSGSEND = YES;
				ENABLE_TESTABILITY = YES;
				GCC_C_LANGUAGE_STANDARD = gnu99;
				GCC_DYNAMIC_NO_PIC = NO;
				GCC_NO_COMMON_BLOCKS = YES;
				GCC_OPTIMIZATION_LEVEL = 0;
				GCC_PREPROCESSOR_DEFINITIONS = (
					"DEBUG=1",
					"$(inherited)",
				);
				GCC_WARN_64_TO_32_BIT_CONVERSION = YES;
				GCC_WARN_ABOUT_RETURN_TYPE = YES_ERROR;
				GCC_WARN_UNDECLARED_SELECTOR = YES;
				GCC_WARN_UNINITIALIZED_AUTOS = YES_AGGRESSIVE;
				GCC_WARN_UNUSED_FUNCTION = YES;
				GCC_WARN_UNUSED_VARIABLE = YES;
				IPHONEOS_DEPLOYMENT_TARGET = 10.3;
				MTL_ENABLE_DEBUG_INFO = YES;
				ONLY_ACTIVE_ARCH = YES;
				SDKROOT = iphoneos;
				SWIFT_ACTIVE_COMPILATION_CONDITIONS = DEBUG;
				SWIFT_OPTIMIZATION_LEVEL = "-Onone";
			};
			name = Debug;
		};
		DCC73DE41F4F0CE7007BA949 /* Release */ = {
			isa = XCBuildConfiguration;
			buildSettings = {
				ALWAYS_SEARCH_USER_PATHS = NO;
				CLANG_ANALYZER_NONNULL = YES;
				CLANG_ANALYZER_NUMBER_OBJECT_CONVERSION = YES_AGGRESSIVE;
				CLANG_CXX_LANGUAGE_STANDARD = "gnu++0x";
				CLANG_CXX_LIBRARY = "libc++";
				CLANG_ENABLE_MODULES = YES;
				CLANG_ENABLE_OBJC_ARC = YES;
				CLANG_WARN_BOOL_CONVERSION = YES;
				CLANG_WARN_CONSTANT_CONVERSION = YES;
				CLANG_WARN_DIRECT_OBJC_ISA_USAGE = YES_ERROR;
				CLANG_WARN_DOCUMENTATION_COMMENTS = YES;
				CLANG_WARN_EMPTY_BODY = YES;
				CLANG_WARN_ENUM_CONVERSION = YES;
				CLANG_WARN_INFINITE_RECURSION = YES;
				CLANG_WARN_INT_CONVERSION = YES;
				CLANG_WARN_OBJC_ROOT_CLASS = YES_ERROR;
				CLANG_WARN_SUSPICIOUS_MOVE = YES;
				CLANG_WARN_UNREACHABLE_CODE = YES;
				CLANG_WARN__DUPLICATE_METHOD_MATCH = YES;
				"CODE_SIGN_IDENTITY[sdk=iphoneos*]" = "iPhone Developer";
				COPY_PHASE_STRIP = NO;
				DEBUG_INFORMATION_FORMAT = "dwarf-with-dsym";
				ENABLE_NS_ASSERTIONS = NO;
				ENABLE_STRICT_OBJC_MSGSEND = YES;
				GCC_C_LANGUAGE_STANDARD = gnu99;
				GCC_NO_COMMON_BLOCKS = YES;
				GCC_WARN_64_TO_32_BIT_CONVERSION = YES;
				GCC_WARN_ABOUT_RETURN_TYPE = YES_ERROR;
				GCC_WARN_UNDECLARED_SELECTOR = YES;
				GCC_WARN_UNINITIALIZED_AUTOS = YES_AGGRESSIVE;
				GCC_WARN_UNUSED_FUNCTION = YES;
				GCC_WARN_UNUSED_VARIABLE = YES;
				IPHONEOS_DEPLOYMENT_TARGET = 10.3;
				MTL_ENABLE_DEBUG_INFO = NO;
				SDKROOT = iphoneos;
				SWIFT_OPTIMIZATION_LEVEL = "-Owholemodule";
				VALIDATE_PRODUCT = YES;
			};
			name = Release;
		};
		DCC73DE61F4F0CE7007BA949 /* Debug */ = {
			isa = XCBuildConfiguration;
			buildSettings = {
				ASSETCATALOG_COMPILER_APPICON_NAME = AppIcon;
				DEVELOPMENT_TEAM = P69G36FKV3;
				INFOPLIST_FILE = "User Interface/Info.plist";
				LD_RUNPATH_SEARCH_PATHS = "$(inherited) @executable_path/Frameworks";
				PRODUCT_BUNDLE_IDENTIFIER = "com.satyadara.User-Interface";
				PRODUCT_NAME = "$(TARGET_NAME)";
				SWIFT_VERSION = 3.0;
			};
			name = Debug;
		};
		DCC73DE71F4F0CE7007BA949 /* Release */ = {
			isa = XCBuildConfiguration;
			buildSettings = {
				ASSETCATALOG_COMPILER_APPICON_NAME = AppIcon;
				DEVELOPMENT_TEAM = P69G36FKV3;
				INFOPLIST_FILE = "User Interface/Info.plist";
				LD_RUNPATH_SEARCH_PATHS = "$(inherited) @executable_path/Frameworks";
				PRODUCT_BUNDLE_IDENTIFIER = "com.satyadara.User-Interface";
				PRODUCT_NAME = "$(TARGET_NAME)";
				SWIFT_VERSION = 3.0;
			};
			name = Release;
		};
/* End XCBuildConfiguration section */

/* Begin XCConfigurationList section */
		DCC73DCE1F4F0CE7007BA949 /* Build configuration list for PBXProject "User Interface" */ = {
			isa = XCConfigurationList;
			buildConfigurations = (
				DCC73DE31F4F0CE7007BA949 /* Debug */,
				DCC73DE41F4F0CE7007BA949 /* Release */,
			);
			defaultConfigurationIsVisible = 0;
			defaultConfigurationName = Release;
		};
		DCC73DE51F4F0CE7007BA949 /* Build configuration list for PBXNativeTarget "User Interface" */ = {
			isa = XCConfigurationList;
			buildConfigurations = (
				DCC73DE61F4F0CE7007BA949 /* Debug */,
				DCC73DE71F4F0CE7007BA949 /* Release */,
			);
			defaultConfigurationIsVisible = 0;
		};
/* End XCConfigurationList section */
	};
	rootObject = DCC73DCB1F4F0CE7007BA949 /* Project object */;
}
